// !$*UTF8*$!
{
	archiveVersion = 1;
	classes = {
	};
	objectVersion = 46;
	objects = {

/* Begin PBXBuildFile section */
		530A902B1F2E816200876A58 /* ContactCell.swift in Sources */ = {isa = PBXBuildFile; fileRef = 530A90291F2E816200876A58 /* ContactCell.swift */; };
		530A902C1F2E816200876A58 /* ContactCell.xib in Resources */ = {isa = PBXBuildFile; fileRef = 530A902A1F2E816200876A58 /* ContactCell.xib */; };
		5320DAF91F3BF620005D8E99 /* MeetingDetailTVC.swift in Sources */ = {isa = PBXBuildFile; fileRef = 5320DAF81F3BF620005D8E99 /* MeetingDetailTVC.swift */; };
		532CEA2C1F3DC3520081F9E4 /* OpportunityCell2.xib in Resources */ = {isa = PBXBuildFile; fileRef = 532CEA2A1F3DC3520081F9E4 /* OpportunityCell2.xib */; };
		532CEA2D1F3DC3520081F9E4 /* OpportunityCell2.swift in Sources */ = {isa = PBXBuildFile; fileRef = 532CEA2B1F3DC3520081F9E4 /* OpportunityCell2.swift */; };
		532CEA301F3DE0FC0081F9E4 /* NotificationTVC.swift in Sources */ = {isa = PBXBuildFile; fileRef = 532CEA2F1F3DE0FC0081F9E4 /* NotificationTVC.swift */; };
		5337F8051F51BB3500C6DCD8 /* Swift+Gif.swift in Sources */ = {isa = PBXBuildFile; fileRef = 5337F8041F51BB3400C6DCD8 /* Swift+Gif.swift */; };
		5337F8071F51D3DE00C6DCD8 /* recording.gif in Resources */ = {isa = PBXBuildFile; fileRef = 5337F8061F51D3DE00C6DCD8 /* recording.gif */; };
		5337F8091F51EE1500C6DCD8 /* CustomTF.swift in Sources */ = {isa = PBXBuildFile; fileRef = 5337F8081F51EE1500C6DCD8 /* CustomTF.swift */; };
		5338AF981F1A637900A27EF3 /* Relationship.storyboard in Resources */ = {isa = PBXBuildFile; fileRef = 5338AF971F1A637900A27EF3 /* Relationship.storyboard */; };
		533DFA941F1A68F2004EC44F /* RelationshipTableViewController.swift in Sources */ = {isa = PBXBuildFile; fileRef = 533DFA931F1A68F2004EC44F /* RelationshipTableViewController.swift */; };
		533DFA961F1A6924004EC44F /* Repo.swift in Sources */ = {isa = PBXBuildFile; fileRef = 533DFA951F1A6924004EC44F /* Repo.swift */; };
		533DFA981F1A6942004EC44F /* Company.json in Resources */ = {isa = PBXBuildFile; fileRef = 533DFA971F1A6942004EC44F /* Company.json */; };
		533DFAB51F1A963F004EC44F /* RelationshipDetailViewController.swift in Sources */ = {isa = PBXBuildFile; fileRef = 533DFAB41F1A963F004EC44F /* RelationshipDetailViewController.swift */; };
		5344016E1F44D99A00725B10 /* OpportunityDataEntryVC.swift in Sources */ = {isa = PBXBuildFile; fileRef = 5344016D1F44D99A00725B10 /* OpportunityDataEntryVC.swift */; };
		534401701F44DA9D00725B10 /* Opportunity.storyboard in Resources */ = {isa = PBXBuildFile; fileRef = 5344016F1F44DA9D00725B10 /* Opportunity.storyboard */; };
		534401721F44EA8500725B10 /* DataEntryCell.swift in Sources */ = {isa = PBXBuildFile; fileRef = 534401711F44EA8500725B10 /* DataEntryCell.swift */; };
		5345460F1F3B91ED00855CFF /* ContactEntryVC.swift in Sources */ = {isa = PBXBuildFile; fileRef = 5345460E1F3B91ED00855CFF /* ContactEntryVC.swift */; };
		53590B6D1F50976100A0552C /* ParentRsp.swift in Sources */ = {isa = PBXBuildFile; fileRef = 53590B6C1F50976100A0552C /* ParentRsp.swift */; };
		536982DD1F3DE67800FF8309 /* NotificationDetailsTVC.swift in Sources */ = {isa = PBXBuildFile; fileRef = 536982DC1F3DE67800FF8309 /* NotificationDetailsTVC.swift */; };
		536982DF1F3DEACD00FF8309 /* Notifications.json in Resources */ = {isa = PBXBuildFile; fileRef = 536982DE1F3DEACD00FF8309 /* Notifications.json */; };
		536983011F3F7BE200FF8309 /* NotifCell.swift in Sources */ = {isa = PBXBuildFile; fileRef = 536982FF1F3F7BE100FF8309 /* NotifCell.swift */; };
		536983031F3F9A7F00FF8309 /* DetailViewTVC.swift in Sources */ = {isa = PBXBuildFile; fileRef = 536983021F3F9A7F00FF8309 /* DetailViewTVC.swift */; };
		53705B711F3A655900018B85 /* MeetingsTableViewController.swift in Sources */ = {isa = PBXBuildFile; fileRef = 53705B6F1F3A655900018B85 /* MeetingsTableViewController.swift */; };
		538E8BF71F03109B0003D939 /* ChartVC.swift in Sources */ = {isa = PBXBuildFile; fileRef = 538E8BF51F03109B0003D939 /* ChartVC.swift */; };
		538E8BF81F03109B0003D939 /* ChartVC.xib in Resources */ = {isa = PBXBuildFile; fileRef = 538E8BF61F03109B0003D939 /* ChartVC.xib */; };
		538E8BFA1F0313010003D939 /* ChartView.swift in Sources */ = {isa = PBXBuildFile; fileRef = 538E8BF91F0313010003D939 /* ChartView.swift */; };
		538E8C061F0323470003D939 /* CalendarVC.swift in Sources */ = {isa = PBXBuildFile; fileRef = 538E8C051F0323470003D939 /* CalendarVC.swift */; };
		538E8C121F03E8F40003D939 /* OpportunityVC.swift in Sources */ = {isa = PBXBuildFile; fileRef = 538E8C111F03E8F40003D939 /* OpportunityVC.swift */; };
		538E8C151F04A34B0003D939 /* OpportunityCell.swift in Sources */ = {isa = PBXBuildFile; fileRef = 538E8C131F04A34B0003D939 /* OpportunityCell.swift */; };
		538E8C161F04A34B0003D939 /* OpportunityCell.xib in Resources */ = {isa = PBXBuildFile; fileRef = 538E8C141F04A34B0003D939 /* OpportunityCell.xib */; };
		538E8C261F05EF7C0003D939 /* Extensions.swift in Sources */ = {isa = PBXBuildFile; fileRef = 538E8C251F05EF7C0003D939 /* Extensions.swift */; };
		539589551F030D2E00F8ED56 /* AppDelegate.swift in Sources */ = {isa = PBXBuildFile; fileRef = 539589541F030D2E00F8ED56 /* AppDelegate.swift */; };
		539589571F030D2E00F8ED56 /* DashboardViewController.swift in Sources */ = {isa = PBXBuildFile; fileRef = 539589561F030D2E00F8ED56 /* DashboardViewController.swift */; };
		5395895C1F030D2E00F8ED56 /* Main.storyboard in Resources */ = {isa = PBXBuildFile; fileRef = 5395895A1F030D2E00F8ED56 /* Main.storyboard */; };
		5395895E1F030D2F00F8ED56 /* Assets.xcassets in Resources */ = {isa = PBXBuildFile; fileRef = 5395895D1F030D2F00F8ED56 /* Assets.xcassets */; };
		539589611F030D2F00F8ED56 /* LaunchScreen.storyboard in Resources */ = {isa = PBXBuildFile; fileRef = 5395895F1F030D2F00F8ED56 /* LaunchScreen.storyboard */; };
		539DD51D1F4F2E110059E309 /* Gradient.swift in Sources */ = {isa = PBXBuildFile; fileRef = 539DD51C1F4F2E110059E309 /* Gradient.swift */; };
		539DD5201F4F77230059E309 /* Other.storyboard in Resources */ = {isa = PBXBuildFile; fileRef = 539DD51F1F4F77230059E309 /* Other.storyboard */; };
		539DD5221F4F7B890059E309 /* ODashboardVC.swift in Sources */ = {isa = PBXBuildFile; fileRef = 539DD5211F4F7B890059E309 /* ODashboardVC.swift */; };
		539DD5241F4F7BA20059E309 /* OMeetingVC.swift in Sources */ = {isa = PBXBuildFile; fileRef = 539DD5231F4F7BA20059E309 /* OMeetingVC.swift */; };
		539DD5261F4F7BC00059E309 /* ONotificationVC.swift in Sources */ = {isa = PBXBuildFile; fileRef = 539DD5251F4F7BC00059E309 /* ONotificationVC.swift */; };
		539DD5281F4F7BD20059E309 /* OResearchVC.swift in Sources */ = {isa = PBXBuildFile; fileRef = 539DD5271F4F7BD20059E309 /* OResearchVC.swift */; };
		539DD52A1F4F7BFB0059E309 /* OParentVC.swift in Sources */ = {isa = PBXBuildFile; fileRef = 539DD5291F4F7BFB0059E309 /* OParentVC.swift */; };
		539DD52D1F4F83840059E309 /* ParentTVC.swift in Sources */ = {isa = PBXBuildFile; fileRef = 539DD52C1F4F83840059E309 /* ParentTVC.swift */; };
		539DD52F1F4F849D0059E309 /* ParentVC.swift in Sources */ = {isa = PBXBuildFile; fileRef = 539DD52E1F4F849D0059E309 /* ParentVC.swift */; };
		53A4BDE81F41F888009063C0 /* Report.storyboard in Resources */ = {isa = PBXBuildFile; fileRef = 53A4BDE61F41F888009063C0 /* Report.storyboard */; };
		53A4BDEB1F41FB00009063C0 /* ReportTVC.swift in Sources */ = {isa = PBXBuildFile; fileRef = 53A4BDEA1F41FB00009063C0 /* ReportTVC.swift */; };
		53A4BDED1F41FBDB009063C0 /* ReportDetailVC.swift in Sources */ = {isa = PBXBuildFile; fileRef = 53A4BDEC1F41FBDB009063C0 /* ReportDetailVC.swift */; };
		53A4BDEF1F424FF3009063C0 /* ReportCell.swift in Sources */ = {isa = PBXBuildFile; fileRef = 53A4BDEE1F424FF3009063C0 /* ReportCell.swift */; };
		53A4BDF11F425EBF009063C0 /* Report.json in Resources */ = {isa = PBXBuildFile; fileRef = 53A4BDF01F425EBF009063C0 /* Report.json */; };
		53ADBBBF1F4D14E8002925FA /* Login.storyboard in Resources */ = {isa = PBXBuildFile; fileRef = 53ADBBBE1F4D14E7002925FA /* Login.storyboard */; };
		53ADBBC11F4D150F002925FA /* LoginVC.swift in Sources */ = {isa = PBXBuildFile; fileRef = 53ADBBC01F4D150F002925FA /* LoginVC.swift */; };
		53ADBBC31F4D2125002925FA /* ParentViewController.swift in Sources */ = {isa = PBXBuildFile; fileRef = 53ADBBC21F4D2125002925FA /* ParentViewController.swift */; };
		53ADBBC51F4DB0B5002925FA /* TextField.swift in Sources */ = {isa = PBXBuildFile; fileRef = 53ADBBC41F4DB0B5002925FA /* TextField.swift */; };
		53C11A9C1F3A6E4000B2F246 /* Meetings.json in Resources */ = {isa = PBXBuildFile; fileRef = 53C11A9B1F3A6E4000B2F246 /* Meetings.json */; };
		53E555D41F31294C00963DBB /* MapKit.framework in Frameworks */ = {isa = PBXBuildFile; fileRef = 53E555D31F31294C00963DBB /* MapKit.framework */; };
		53E8CB2D1F3FE37800DCA002 /* DetailCell.swift in Sources */ = {isa = PBXBuildFile; fileRef = 53E8CB2C1F3FE37800DCA002 /* DetailCell.swift */; };
		53F3A9761F2CFA6E00B8C5CD /* ProductViewController.swift in Sources */ = {isa = PBXBuildFile; fileRef = 53F3A9751F2CFA6E00B8C5CD /* ProductViewController.swift */; };
		53F3A97C1F2CFE1600B8C5CD /* CompanyOpportunityViewController.swift in Sources */ = {isa = PBXBuildFile; fileRef = 53F3A97B1F2CFE1600B8C5CD /* CompanyOpportunityViewController.swift */; };
		53F3A97E1F2E61F900B8C5CD /* OverViewTVC.swift in Sources */ = {isa = PBXBuildFile; fileRef = 53F3A97D1F2E61F900B8C5CD /* OverViewTVC.swift */; };
		53F3A9851F2E69F700B8C5CD /* OverViewCell.swift in Sources */ = {isa = PBXBuildFile; fileRef = 53F3A9831F2E69F700B8C5CD /* OverViewCell.swift */; };
		53F3A9861F2E69F700B8C5CD /* OverViewCell.xib in Resources */ = {isa = PBXBuildFile; fileRef = 53F3A9841F2E69F700B8C5CD /* OverViewCell.xib */; };
		53F5C46F1F3A5FAD0058CC2A /* Meetings.storyboard in Resources */ = {isa = PBXBuildFile; fileRef = 53F5C46E1F3A5FAD0058CC2A /* Meetings.storyboard */; };
		53FAA6C51F3CB03E005669F1 /* Notification.storyboard in Resources */ = {isa = PBXBuildFile; fileRef = 53FAA6C31F3CB03D005669F1 /* Notification.storyboard */; };
		53FAA6C81F3D0667005669F1 /* RelationshipCell.swift in Sources */ = {isa = PBXBuildFile; fileRef = 53FAA6C71F3D0667005669F1 /* RelationshipCell.swift */; };
		AA0B4D2FDDA308B25D1F7033 /* Pods_RM53.framework in Frameworks */ = {isa = PBXBuildFile; fileRef = ED3EDA4428F0588C73B8D7AE /* Pods_RM53.framework */; };
/* End PBXBuildFile section */

/* Begin PBXFileReference section */
		2D8D518C034D34B1DC0B16A8 /* Pods-RM53.debug.xcconfig */ = {isa = PBXFileReference; includeInIndex = 1; lastKnownFileType = text.xcconfig; name = "Pods-RM53.debug.xcconfig"; path = "Pods/Target Support Files/Pods-RM53/Pods-RM53.debug.xcconfig"; sourceTree = "<group>"; };
		530A90291F2E816200876A58 /* ContactCell.swift */ = {isa = PBXFileReference; fileEncoding = 4; lastKnownFileType = sourcecode.swift; path = ContactCell.swift; sourceTree = "<group>"; };
		530A902A1F2E816200876A58 /* ContactCell.xib */ = {isa = PBXFileReference; fileEncoding = 4; lastKnownFileType = file.xib; path = ContactCell.xib; sourceTree = "<group>"; };
		5320DAF81F3BF620005D8E99 /* MeetingDetailTVC.swift */ = {isa = PBXFileReference; fileEncoding = 4; lastKnownFileType = sourcecode.swift; path = MeetingDetailTVC.swift; sourceTree = "<group>"; };
		532CEA2A1F3DC3520081F9E4 /* OpportunityCell2.xib */ = {isa = PBXFileReference; fileEncoding = 4; lastKnownFileType = file.xib; path = OpportunityCell2.xib; sourceTree = "<group>"; };
		532CEA2B1F3DC3520081F9E4 /* OpportunityCell2.swift */ = {isa = PBXFileReference; fileEncoding = 4; lastKnownFileType = sourcecode.swift; path = OpportunityCell2.swift; sourceTree = "<group>"; };
		532CEA2F1F3DE0FC0081F9E4 /* NotificationTVC.swift */ = {isa = PBXFileReference; fileEncoding = 4; lastKnownFileType = sourcecode.swift; path = NotificationTVC.swift; sourceTree = "<group>"; };
		5337F8041F51BB3400C6DCD8 /* Swift+Gif.swift */ = {isa = PBXFileReference; fileEncoding = 4; lastKnownFileType = sourcecode.swift; path = "Swift+Gif.swift"; sourceTree = "<group>"; };
		5337F8061F51D3DE00C6DCD8 /* recording.gif */ = {isa = PBXFileReference; lastKnownFileType = image.gif; path = recording.gif; sourceTree = "<group>"; };
		5337F8081F51EE1500C6DCD8 /* CustomTF.swift */ = {isa = PBXFileReference; fileEncoding = 4; lastKnownFileType = sourcecode.swift; path = CustomTF.swift; sourceTree = "<group>"; };
		5338AF971F1A637900A27EF3 /* Relationship.storyboard */ = {isa = PBXFileReference; fileEncoding = 4; lastKnownFileType = file.storyboard; path = Relationship.storyboard; sourceTree = "<group>"; };
		533DFA931F1A68F2004EC44F /* RelationshipTableViewController.swift */ = {isa = PBXFileReference; fileEncoding = 4; lastKnownFileType = sourcecode.swift; path = RelationshipTableViewController.swift; sourceTree = "<group>"; };
		533DFA951F1A6924004EC44F /* Repo.swift */ = {isa = PBXFileReference; fileEncoding = 4; lastKnownFileType = sourcecode.swift; path = Repo.swift; sourceTree = "<group>"; };
		533DFA971F1A6942004EC44F /* Company.json */ = {isa = PBXFileReference; fileEncoding = 4; lastKnownFileType = text.json; path = Company.json; sourceTree = "<group>"; };
		533DFAB41F1A963F004EC44F /* RelationshipDetailViewController.swift */ = {isa = PBXFileReference; fileEncoding = 4; lastKnownFileType = sourcecode.swift; path = RelationshipDetailViewController.swift; sourceTree = "<group>"; };
		5344016D1F44D99A00725B10 /* OpportunityDataEntryVC.swift */ = {isa = PBXFileReference; fileEncoding = 4; lastKnownFileType = sourcecode.swift; path = OpportunityDataEntryVC.swift; sourceTree = "<group>"; };
		5344016F1F44DA9D00725B10 /* Opportunity.storyboard */ = {isa = PBXFileReference; fileEncoding = 4; lastKnownFileType = file.storyboard; path = Opportunity.storyboard; sourceTree = "<group>"; };
		534401711F44EA8500725B10 /* DataEntryCell.swift */ = {isa = PBXFileReference; fileEncoding = 4; lastKnownFileType = sourcecode.swift; path = DataEntryCell.swift; sourceTree = "<group>"; };
		5345460E1F3B91ED00855CFF /* ContactEntryVC.swift */ = {isa = PBXFileReference; fileEncoding = 4; lastKnownFileType = sourcecode.swift; path = ContactEntryVC.swift; sourceTree = "<group>"; };
		53590B6C1F50976100A0552C /* ParentRsp.swift */ = {isa = PBXFileReference; fileEncoding = 4; lastKnownFileType = sourcecode.swift; path = ParentRsp.swift; sourceTree = "<group>"; };
		536982DC1F3DE67800FF8309 /* NotificationDetailsTVC.swift */ = {isa = PBXFileReference; fileEncoding = 4; lastKnownFileType = sourcecode.swift; path = NotificationDetailsTVC.swift; sourceTree = "<group>"; };
		536982DE1F3DEACD00FF8309 /* Notifications.json */ = {isa = PBXFileReference; fileEncoding = 4; lastKnownFileType = text.json; path = Notifications.json; sourceTree = "<group>"; };
		536982FF1F3F7BE100FF8309 /* NotifCell.swift */ = {isa = PBXFileReference; fileEncoding = 4; lastKnownFileType = sourcecode.swift; path = NotifCell.swift; sourceTree = "<group>"; };
		536983021F3F9A7F00FF8309 /* DetailViewTVC.swift */ = {isa = PBXFileReference; fileEncoding = 4; lastKnownFileType = sourcecode.swift; path = DetailViewTVC.swift; sourceTree = "<group>"; };
		53705B6F1F3A655900018B85 /* MeetingsTableViewController.swift */ = {isa = PBXFileReference; fileEncoding = 4; lastKnownFileType = sourcecode.swift; path = MeetingsTableViewController.swift; sourceTree = "<group>"; };
		538E8BF51F03109B0003D939 /* ChartVC.swift */ = {isa = PBXFileReference; fileEncoding = 4; lastKnownFileType = sourcecode.swift; path = ChartVC.swift; sourceTree = "<group>"; };
		538E8BF61F03109B0003D939 /* ChartVC.xib */ = {isa = PBXFileReference; fileEncoding = 4; lastKnownFileType = file.xib; path = ChartVC.xib; sourceTree = "<group>"; };
		538E8BF91F0313010003D939 /* ChartView.swift */ = {isa = PBXFileReference; fileEncoding = 4; lastKnownFileType = sourcecode.swift; path = ChartView.swift; sourceTree = "<group>"; };
		538E8C051F0323470003D939 /* CalendarVC.swift */ = {isa = PBXFileReference; fileEncoding = 4; lastKnownFileType = sourcecode.swift; path = CalendarVC.swift; sourceTree = "<group>"; };
		538E8C111F03E8F40003D939 /* OpportunityVC.swift */ = {isa = PBXFileReference; fileEncoding = 4; lastKnownFileType = sourcecode.swift; path = OpportunityVC.swift; sourceTree = "<group>"; };
		538E8C131F04A34B0003D939 /* OpportunityCell.swift */ = {isa = PBXFileReference; fileEncoding = 4; lastKnownFileType = sourcecode.swift; path = OpportunityCell.swift; sourceTree = "<group>"; };
		538E8C141F04A34B0003D939 /* OpportunityCell.xib */ = {isa = PBXFileReference; fileEncoding = 4; lastKnownFileType = file.xib; path = OpportunityCell.xib; sourceTree = "<group>"; };
		538E8C251F05EF7C0003D939 /* Extensions.swift */ = {isa = PBXFileReference; fileEncoding = 4; lastKnownFileType = sourcecode.swift; path = Extensions.swift; sourceTree = "<group>"; };
		539589511F030D2E00F8ED56 /* RM53.app */ = {isa = PBXFileReference; explicitFileType = wrapper.application; includeInIndex = 0; path = RM53.app; sourceTree = BUILT_PRODUCTS_DIR; };
		539589541F030D2E00F8ED56 /* AppDelegate.swift */ = {isa = PBXFileReference; lastKnownFileType = sourcecode.swift; path = AppDelegate.swift; sourceTree = "<group>"; };
		539589561F030D2E00F8ED56 /* DashboardViewController.swift */ = {isa = PBXFileReference; lastKnownFileType = sourcecode.swift; path = DashboardViewController.swift; sourceTree = "<group>"; };
		5395895B1F030D2E00F8ED56 /* Base */ = {isa = PBXFileReference; lastKnownFileType = file.storyboard; name = Base; path = Base.lproj/Main.storyboard; sourceTree = "<group>"; };
		5395895D1F030D2F00F8ED56 /* Assets.xcassets */ = {isa = PBXFileReference; lastKnownFileType = folder.assetcatalog; path = Assets.xcassets; sourceTree = "<group>"; };
		539589601F030D2F00F8ED56 /* Base */ = {isa = PBXFileReference; lastKnownFileType = file.storyboard; name = Base; path = Base.lproj/LaunchScreen.storyboard; sourceTree = "<group>"; };
		539589621F030D2F00F8ED56 /* Info.plist */ = {isa = PBXFileReference; lastKnownFileType = text.plist.xml; path = Info.plist; sourceTree = "<group>"; };
		539DD51C1F4F2E110059E309 /* Gradient.swift */ = {isa = PBXFileReference; fileEncoding = 4; lastKnownFileType = sourcecode.swift; path = Gradient.swift; sourceTree = "<group>"; };
		539DD51F1F4F77230059E309 /* Other.storyboard */ = {isa = PBXFileReference; fileEncoding = 4; lastKnownFileType = file.storyboard; path = Other.storyboard; sourceTree = "<group>"; };
		539DD5211F4F7B890059E309 /* ODashboardVC.swift */ = {isa = PBXFileReference; fileEncoding = 4; lastKnownFileType = sourcecode.swift; path = ODashboardVC.swift; sourceTree = "<group>"; };
		539DD5231F4F7BA20059E309 /* OMeetingVC.swift */ = {isa = PBXFileReference; fileEncoding = 4; lastKnownFileType = sourcecode.swift; path = OMeetingVC.swift; sourceTree = "<group>"; };
		539DD5251F4F7BC00059E309 /* ONotificationVC.swift */ = {isa = PBXFileReference; fileEncoding = 4; lastKnownFileType = sourcecode.swift; path = ONotificationVC.swift; sourceTree = "<group>"; };
		539DD5271F4F7BD20059E309 /* OResearchVC.swift */ = {isa = PBXFileReference; fileEncoding = 4; lastKnownFileType = sourcecode.swift; path = OResearchVC.swift; sourceTree = "<group>"; };
		539DD5291F4F7BFB0059E309 /* OParentVC.swift */ = {isa = PBXFileReference; fileEncoding = 4; lastKnownFileType = sourcecode.swift; path = OParentVC.swift; sourceTree = "<group>"; };
		539DD52C1F4F83840059E309 /* ParentTVC.swift */ = {isa = PBXFileReference; fileEncoding = 4; lastKnownFileType = sourcecode.swift; path = ParentTVC.swift; sourceTree = "<group>"; };
		539DD52E1F4F849D0059E309 /* ParentVC.swift */ = {isa = PBXFileReference; fileEncoding = 4; lastKnownFileType = sourcecode.swift; path = ParentVC.swift; sourceTree = "<group>"; };
		53A4BDE71F41F888009063C0 /* Base */ = {isa = PBXFileReference; lastKnownFileType = file.storyboard; name = Base; path = Base.lproj/Report.storyboard; sourceTree = "<group>"; };
		53A4BDEA1F41FB00009063C0 /* ReportTVC.swift */ = {isa = PBXFileReference; fileEncoding = 4; lastKnownFileType = sourcecode.swift; path = ReportTVC.swift; sourceTree = "<group>"; };
		53A4BDEC1F41FBDB009063C0 /* ReportDetailVC.swift */ = {isa = PBXFileReference; fileEncoding = 4; lastKnownFileType = sourcecode.swift; path = ReportDetailVC.swift; sourceTree = "<group>"; };
		53A4BDEE1F424FF3009063C0 /* ReportCell.swift */ = {isa = PBXFileReference; fileEncoding = 4; lastKnownFileType = sourcecode.swift; path = ReportCell.swift; sourceTree = "<group>"; };
		53A4BDF01F425EBF009063C0 /* Report.json */ = {isa = PBXFileReference; fileEncoding = 4; lastKnownFileType = text.json; path = Report.json; sourceTree = "<group>"; };
		53ADBBBE1F4D14E7002925FA /* Login.storyboard */ = {isa = PBXFileReference; fileEncoding = 4; lastKnownFileType = file.storyboard; path = Login.storyboard; sourceTree = "<group>"; };
		53ADBBC01F4D150F002925FA /* LoginVC.swift */ = {isa = PBXFileReference; fileEncoding = 4; lastKnownFileType = sourcecode.swift; path = LoginVC.swift; sourceTree = "<group>"; };
		53ADBBC21F4D2125002925FA /* ParentViewController.swift */ = {isa = PBXFileReference; fileEncoding = 4; lastKnownFileType = sourcecode.swift; path = ParentViewController.swift; sourceTree = "<group>"; };
		53ADBBC41F4DB0B5002925FA /* TextField.swift */ = {isa = PBXFileReference; fileEncoding = 4; lastKnownFileType = sourcecode.swift; path = TextField.swift; sourceTree = "<group>"; };
		53C11A9B1F3A6E4000B2F246 /* Meetings.json */ = {isa = PBXFileReference; fileEncoding = 4; lastKnownFileType = text.json; path = Meetings.json; sourceTree = "<group>"; };
		53E555D31F31294C00963DBB /* MapKit.framework */ = {isa = PBXFileReference; lastKnownFileType = wrapper.framework; name = MapKit.framework; path = System/Library/Frameworks/MapKit.framework; sourceTree = SDKROOT; };
		53E8CB2C1F3FE37800DCA002 /* DetailCell.swift */ = {isa = PBXFileReference; fileEncoding = 4; lastKnownFileType = sourcecode.swift; path = DetailCell.swift; sourceTree = "<group>"; };
		53F3A9751F2CFA6E00B8C5CD /* ProductViewController.swift */ = {isa = PBXFileReference; fileEncoding = 4; lastKnownFileType = sourcecode.swift; path = ProductViewController.swift; sourceTree = "<group>"; };
		53F3A97B1F2CFE1600B8C5CD /* CompanyOpportunityViewController.swift */ = {isa = PBXFileReference; fileEncoding = 4; lastKnownFileType = sourcecode.swift; path = CompanyOpportunityViewController.swift; sourceTree = "<group>"; };
		53F3A97D1F2E61F900B8C5CD /* OverViewTVC.swift */ = {isa = PBXFileReference; fileEncoding = 4; lastKnownFileType = sourcecode.swift; path = OverViewTVC.swift; sourceTree = "<group>"; };
		53F3A9831F2E69F700B8C5CD /* OverViewCell.swift */ = {isa = PBXFileReference; fileEncoding = 4; lastKnownFileType = sourcecode.swift; path = OverViewCell.swift; sourceTree = "<group>"; };
		53F3A9841F2E69F700B8C5CD /* OverViewCell.xib */ = {isa = PBXFileReference; fileEncoding = 4; lastKnownFileType = file.xib; path = OverViewCell.xib; sourceTree = "<group>"; };
		53F5C46E1F3A5FAD0058CC2A /* Meetings.storyboard */ = {isa = PBXFileReference; fileEncoding = 4; lastKnownFileType = file.storyboard; path = Meetings.storyboard; sourceTree = "<group>"; };
		53FAA6C41F3CB03D005669F1 /* Base */ = {isa = PBXFileReference; lastKnownFileType = file.storyboard; name = Base; path = Base.lproj/Notification.storyboard; sourceTree = "<group>"; };
		53FAA6C71F3D0667005669F1 /* RelationshipCell.swift */ = {isa = PBXFileReference; fileEncoding = 4; lastKnownFileType = sourcecode.swift; path = RelationshipCell.swift; sourceTree = "<group>"; };
		87724EF87B947CFF4A2ABD94 /* Pods-RM53.release.xcconfig */ = {isa = PBXFileReference; includeInIndex = 1; lastKnownFileType = text.xcconfig; name = "Pods-RM53.release.xcconfig"; path = "Pods/Target Support Files/Pods-RM53/Pods-RM53.release.xcconfig"; sourceTree = "<group>"; };
		ED3EDA4428F0588C73B8D7AE /* Pods_RM53.framework */ = {isa = PBXFileReference; explicitFileType = wrapper.framework; includeInIndex = 0; path = Pods_RM53.framework; sourceTree = BUILT_PRODUCTS_DIR; };
/* End PBXFileReference section */

/* Begin PBXFrameworksBuildPhase section */
		5395894E1F030D2E00F8ED56 /* Frameworks */ = {
			isa = PBXFrameworksBuildPhase;
			buildActionMask = 2147483647;
			files = (
				53E555D41F31294C00963DBB /* MapKit.framework in Frameworks */,
				AA0B4D2FDDA308B25D1F7033 /* Pods_RM53.framework in Frameworks */,
			);
			runOnlyForDeploymentPostprocessing = 0;
		};
/* End PBXFrameworksBuildPhase section */

/* Begin PBXGroup section */
		532CEA2E1F3DE0B70081F9E4 /* Notifications */ = {
			isa = PBXGroup;
			children = (
				536982FF1F3F7BE100FF8309 /* NotifCell.swift */,
				536982DE1F3DEACD00FF8309 /* Notifications.json */,
				53FAA6C31F3CB03D005669F1 /* Notification.storyboard */,
				532CEA2F1F3DE0FC0081F9E4 /* NotificationTVC.swift */,
				536982DC1F3DE67800FF8309 /* NotificationDetailsTVC.swift */,
				536983021F3F9A7F00FF8309 /* DetailViewTVC.swift */,
				53E8CB2C1F3FE37800DCA002 /* DetailCell.swift */,
			);
			name = Notifications;
			sourceTree = "<group>";
		};
		53705B6E1F3A64BC00018B85 /* Meetings */ = {
			isa = PBXGroup;
			children = (
				53F5C46E1F3A5FAD0058CC2A /* Meetings.storyboard */,
				53705B6F1F3A655900018B85 /* MeetingsTableViewController.swift */,
				53C11A9B1F3A6E4000B2F246 /* Meetings.json */,
				5320DAF81F3BF620005D8E99 /* MeetingDetailTVC.swift */,
			);
			name = Meetings;
			sourceTree = "<group>";
		};
		539589481F030D2D00F8ED56 = {
			isa = PBXGroup;
			children = (
				539589531F030D2E00F8ED56 /* RM53 */,
				539589521F030D2E00F8ED56 /* Products */,
				75BB46C3972ABB5223A19CE9 /* Pods */,
				71A16FD7048FE0595BA6646A /* Frameworks */,
			);
			sourceTree = "<group>";
		};
		539589521F030D2E00F8ED56 /* Products */ = {
			isa = PBXGroup;
			children = (
				539589511F030D2E00F8ED56 /* RM53.app */,
			);
			name = Products;
			sourceTree = "<group>";
		};
		539589531F030D2E00F8ED56 /* RM53 */ = {
			isa = PBXGroup;
			children = (
				5337F8061F51D3DE00C6DCD8 /* recording.gif */,
				539DD52B1F4F836D0059E309 /* General */,
				539DD51E1F4F76B60059E309 /* SpecificCompany */,
				53ADBBBD1F4D1451002925FA /* Login */,
				53A4BDE91F41FA33009063C0 /* Reports */,
				532CEA2E1F3DE0B70081F9E4 /* Notifications */,
				53FAA6C61F3CB465005669F1 /* Model */,
				53705B6E1F3A64BC00018B85 /* Meetings */,
				53BE59061F183A9600A3E430 /* Relationship */,
				53F8B7211F115E0A000F47F2 /* Utilities */,
				53F8B71F1F115DD5000F47F2 /* Opportunities */,
				53F8B71E1F115DB8000F47F2 /* Controllers */,
				53F8B71D1F115DA5000F47F2 /* Calendar */,
				53F8B71C1F115D95000F47F2 /* Chart */,
				539589541F030D2E00F8ED56 /* AppDelegate.swift */,
				5395895A1F030D2E00F8ED56 /* Main.storyboard */,
				5395895D1F030D2F00F8ED56 /* Assets.xcassets */,
				5395895F1F030D2F00F8ED56 /* LaunchScreen.storyboard */,
				539589621F030D2F00F8ED56 /* Info.plist */,
				5345460E1F3B91ED00855CFF /* ContactEntryVC.swift */,
			);
			path = RM53;
			sourceTree = "<group>";
		};
		539DD51E1F4F76B60059E309 /* SpecificCompany */ = {
			isa = PBXGroup;
			children = (
				539DD51F1F4F77230059E309 /* Other.storyboard */,
				539DD5211F4F7B890059E309 /* ODashboardVC.swift */,
				539DD5231F4F7BA20059E309 /* OMeetingVC.swift */,
				539DD5251F4F7BC00059E309 /* ONotificationVC.swift */,
				539DD5271F4F7BD20059E309 /* OResearchVC.swift */,
				539DD5291F4F7BFB0059E309 /* OParentVC.swift */,
			);
			name = SpecificCompany;
			sourceTree = "<group>";
		};
		539DD52B1F4F836D0059E309 /* General */ = {
			isa = PBXGroup;
			children = (
				539DD52C1F4F83840059E309 /* ParentTVC.swift */,
				539DD52E1F4F849D0059E309 /* ParentVC.swift */,
				53590B6C1F50976100A0552C /* ParentRsp.swift */,
				5337F8041F51BB3400C6DCD8 /* Swift+Gif.swift */,
				5337F8081F51EE1500C6DCD8 /* CustomTF.swift */,
			);
			name = General;
			sourceTree = "<group>";
		};
		53A4BDE91F41FA33009063C0 /* Reports */ = {
			isa = PBXGroup;
			children = (
				53A4BDE61F41F888009063C0 /* Report.storyboard */,
				53A4BDEA1F41FB00009063C0 /* ReportTVC.swift */,
				53A4BDEC1F41FBDB009063C0 /* ReportDetailVC.swift */,
				53A4BDEE1F424FF3009063C0 /* ReportCell.swift */,
				53A4BDF01F425EBF009063C0 /* Report.json */,
			);
			name = Reports;
			sourceTree = "<group>";
		};
		53ADBBBD1F4D1451002925FA /* Login */ = {
			isa = PBXGroup;
			children = (
				53ADBBBE1F4D14E7002925FA /* Login.storyboard */,
				53ADBBC01F4D150F002925FA /* LoginVC.swift */,
				53ADBBC21F4D2125002925FA /* ParentViewController.swift */,
				53ADBBC41F4DB0B5002925FA /* TextField.swift */,
				539DD51C1F4F2E110059E309 /* Gradient.swift */,
			);
			name = Login;
			sourceTree = "<group>";
		};
		53BE59061F183A9600A3E430 /* Relationship */ = {
			isa = PBXGroup;
			children = (
				5338AF971F1A637900A27EF3 /* Relationship.storyboard */,
				53F3A97D1F2E61F900B8C5CD /* OverViewTVC.swift */,
				533DFA971F1A6942004EC44F /* Company.json */,
				533DFA931F1A68F2004EC44F /* RelationshipTableViewController.swift */,
				533DFAB41F1A963F004EC44F /* RelationshipDetailViewController.swift */,
				53F3A9751F2CFA6E00B8C5CD /* ProductViewController.swift */,
				53F3A97B1F2CFE1600B8C5CD /* CompanyOpportunityViewController.swift */,
				53F3A9831F2E69F700B8C5CD /* OverViewCell.swift */,
				53F3A9841F2E69F700B8C5CD /* OverViewCell.xib */,
				530A90291F2E816200876A58 /* ContactCell.swift */,
				530A902A1F2E816200876A58 /* ContactCell.xib */,
				53FAA6C71F3D0667005669F1 /* RelationshipCell.swift */,
			);
			name = Relationship;
			sourceTree = "<group>";
		};
		53F8B71C1F115D95000F47F2 /* Chart */ = {
			isa = PBXGroup;
			children = (
				538E8BF51F03109B0003D939 /* ChartVC.swift */,
				538E8BF61F03109B0003D939 /* ChartVC.xib */,
				538E8BF91F0313010003D939 /* ChartView.swift */,
			);
			name = Chart;
			sourceTree = "<group>";
		};
		53F8B71D1F115DA5000F47F2 /* Calendar */ = {
			isa = PBXGroup;
			children = (
				538E8C051F0323470003D939 /* CalendarVC.swift */,
			);
			name = Calendar;
			sourceTree = "<group>";
		};
		53F8B71E1F115DB8000F47F2 /* Controllers */ = {
			isa = PBXGroup;
			children = (
				539589561F030D2E00F8ED56 /* DashboardViewController.swift */,
			);
			name = Controllers;
			sourceTree = "<group>";
		};
		53F8B71F1F115DD5000F47F2 /* Opportunities */ = {
			isa = PBXGroup;
			children = (
				532CEA2A1F3DC3520081F9E4 /* OpportunityCell2.xib */,
				532CEA2B1F3DC3520081F9E4 /* OpportunityCell2.swift */,
				538E8C111F03E8F40003D939 /* OpportunityVC.swift */,
				538E8C131F04A34B0003D939 /* OpportunityCell.swift */,
				538E8C141F04A34B0003D939 /* OpportunityCell.xib */,
				5344016D1F44D99A00725B10 /* OpportunityDataEntryVC.swift */,
				5344016F1F44DA9D00725B10 /* Opportunity.storyboard */,
				534401711F44EA8500725B10 /* DataEntryCell.swift */,
			);
			name = Opportunities;
			sourceTree = "<group>";
		};
		53F8B7211F115E0A000F47F2 /* Utilities */ = {
			isa = PBXGroup;
			children = (
				538E8C251F05EF7C0003D939 /* Extensions.swift */,
			);
			name = Utilities;
			sourceTree = "<group>";
		};
		53FAA6C61F3CB465005669F1 /* Model */ = {
			isa = PBXGroup;
			children = (
				533DFA951F1A6924004EC44F /* Repo.swift */,
			);
			name = Model;
			sourceTree = "<group>";
		};
		71A16FD7048FE0595BA6646A /* Frameworks */ = {
			isa = PBXGroup;
			children = (
				53E555D31F31294C00963DBB /* MapKit.framework */,
				ED3EDA4428F0588C73B8D7AE /* Pods_RM53.framework */,
			);
			name = Frameworks;
			sourceTree = "<group>";
		};
		75BB46C3972ABB5223A19CE9 /* Pods */ = {
			isa = PBXGroup;
			children = (
				2D8D518C034D34B1DC0B16A8 /* Pods-RM53.debug.xcconfig */,
				87724EF87B947CFF4A2ABD94 /* Pods-RM53.release.xcconfig */,
			);
			name = Pods;
			sourceTree = "<group>";
		};
/* End PBXGroup section */

/* Begin PBXNativeTarget section */
		539589501F030D2E00F8ED56 /* RM53 */ = {
			isa = PBXNativeTarget;
			buildConfigurationList = 539589651F030D2F00F8ED56 /* Build configuration list for PBXNativeTarget "RM53" */;
			buildPhases = (
				918EE0104E50A15EBC359C31 /* [CP] Check Pods Manifest.lock */,
				5395894D1F030D2E00F8ED56 /* Sources */,
				5395894E1F030D2E00F8ED56 /* Frameworks */,
				5395894F1F030D2E00F8ED56 /* Resources */,
				B7CF092BD169758C00101A85 /* [CP] Embed Pods Frameworks */,
				7A7522D329F52D732A0455D1 /* [CP] Copy Pods Resources */,
			);
			buildRules = (
			);
			dependencies = (
			);
			name = RM53;
			productName = RM53;
			productReference = 539589511F030D2E00F8ED56 /* RM53.app */;
			productType = "com.apple.product-type.application";
		};
/* End PBXNativeTarget section */

/* Begin PBXProject section */
		539589491F030D2D00F8ED56 /* Project object */ = {
			isa = PBXProject;
			attributes = {
				LastSwiftUpdateCheck = 0820;
				LastUpgradeCheck = 0820;
				ORGANIZATIONNAME = com.rm53;
				TargetAttributes = {
					539589501F030D2E00F8ED56 = {
						CreatedOnToolsVersion = 8.2.1;
						DevelopmentTeam = X6Z65P5ASN;
						ProvisioningStyle = Automatic;
						SystemCapabilities = {
							com.apple.Maps.iOS = {
								enabled = 1;
							};
						};
					};
				};
			};
			buildConfigurationList = 5395894C1F030D2D00F8ED56 /* Build configuration list for PBXProject "RM53" */;
			compatibilityVersion = "Xcode 3.2";
			developmentRegion = English;
			hasScannedForEncodings = 0;
			knownRegions = (
				en,
				Base,
			);
			mainGroup = 539589481F030D2D00F8ED56;
			productRefGroup = 539589521F030D2E00F8ED56 /* Products */;
			projectDirPath = "";
			projectRoot = "";
			targets = (
				539589501F030D2E00F8ED56 /* RM53 */,
			);
		};
/* End PBXProject section */

/* Begin PBXResourcesBuildPhase section */
		5395894F1F030D2E00F8ED56 /* Resources */ = {
			isa = PBXResourcesBuildPhase;
			buildActionMask = 2147483647;
			files = (
				5338AF981F1A637900A27EF3 /* Relationship.storyboard in Resources */,
				539589611F030D2F00F8ED56 /* LaunchScreen.storyboard in Resources */,
				53C11A9C1F3A6E4000B2F246 /* Meetings.json in Resources */,
				53F3A9861F2E69F700B8C5CD /* OverViewCell.xib in Resources */,
				5395895E1F030D2F00F8ED56 /* Assets.xcassets in Resources */,
				533DFA981F1A6942004EC44F /* Company.json in Resources */,
				5395895C1F030D2E00F8ED56 /* Main.storyboard in Resources */,
				530A902C1F2E816200876A58 /* ContactCell.xib in Resources */,
				53ADBBBF1F4D14E8002925FA /* Login.storyboard in Resources */,
				536982DF1F3DEACD00FF8309 /* Notifications.json in Resources */,
				538E8BF81F03109B0003D939 /* ChartVC.xib in Resources */,
				53F5C46F1F3A5FAD0058CC2A /* Meetings.storyboard in Resources */,
				538E8C161F04A34B0003D939 /* OpportunityCell.xib in Resources */,
				532CEA2C1F3DC3520081F9E4 /* OpportunityCell2.xib in Resources */,
				53FAA6C51F3CB03E005669F1 /* Notification.storyboard in Resources */,
				53A4BDE81F41F888009063C0 /* Report.storyboard in Resources */,
				539DD5201F4F77230059E309 /* Other.storyboard in Resources */,
				53A4BDF11F425EBF009063C0 /* Report.json in Resources */,
				5337F8071F51D3DE00C6DCD8 /* recording.gif in Resources */,
				534401701F44DA9D00725B10 /* Opportunity.storyboard in Resources */,
			);
			runOnlyForDeploymentPostprocessing = 0;
		};
/* End PBXResourcesBuildPhase section */

/* Begin PBXShellScriptBuildPhase section */
		7A7522D329F52D732A0455D1 /* [CP] Copy Pods Resources */ = {
			isa = PBXShellScriptBuildPhase;
			buildActionMask = 2147483647;
			files = (
			);
			inputPaths = (
			);
			name = "[CP] Copy Pods Resources";
			outputPaths = (
			);
			runOnlyForDeploymentPostprocessing = 0;
			shellPath = /bin/sh;
			shellScript = "\"${SRCROOT}/Pods/Target Support Files/Pods-RM53/Pods-RM53-resources.sh\"\n";
			showEnvVarsInLog = 0;
		};
		918EE0104E50A15EBC359C31 /* [CP] Check Pods Manifest.lock */ = {
			isa = PBXShellScriptBuildPhase;
			buildActionMask = 2147483647;
			files = (
			);
			inputPaths = (
			);
			name = "[CP] Check Pods Manifest.lock";
			outputPaths = (
			);
			runOnlyForDeploymentPostprocessing = 0;
			shellPath = /bin/sh;
			shellScript = "diff \"${PODS_PODFILE_DIR_PATH}/Podfile.lock\" \"${PODS_ROOT}/Manifest.lock\" > /dev/null\nif [ $? != 0 ] ; then\n    # print error to STDERR\n    echo \"error: The sandbox is not in sync with the Podfile.lock. Run 'pod install' or update your CocoaPods installation.\" >&2\n    exit 1\nfi\n";
			showEnvVarsInLog = 0;
		};
		B7CF092BD169758C00101A85 /* [CP] Embed Pods Frameworks */ = {
			isa = PBXShellScriptBuildPhase;
			buildActionMask = 2147483647;
			files = (
			);
			inputPaths = (
			);
			name = "[CP] Embed Pods Frameworks";
			outputPaths = (
			);
			runOnlyForDeploymentPostprocessing = 0;
			shellPath = /bin/sh;
			shellScript = "\"${SRCROOT}/Pods/Target Support Files/Pods-RM53/Pods-RM53-frameworks.sh\"\n";
			showEnvVarsInLog = 0;
		};
/* End PBXShellScriptBuildPhase section */

/* Begin PBXSourcesBuildPhase section */
		5395894D1F030D2E00F8ED56 /* Sources */ = {
			isa = PBXSourcesBuildPhase;
			buildActionMask = 2147483647;
			files = (
				532CEA301F3DE0FC0081F9E4 /* NotificationTVC.swift in Sources */,
				539589551F030D2E00F8ED56 /* AppDelegate.swift in Sources */,
				53E8CB2D1F3FE37800DCA002 /* DetailCell.swift in Sources */,
				538E8C061F0323470003D939 /* CalendarVC.swift in Sources */,
				539589571F030D2E00F8ED56 /* DashboardViewController.swift in Sources */,
				5344016E1F44D99A00725B10 /* OpportunityDataEntryVC.swift in Sources */,
				5345460F1F3B91ED00855CFF /* ContactEntryVC.swift in Sources */,
				53F3A9761F2CFA6E00B8C5CD /* ProductViewController.swift in Sources */,
				5337F8091F51EE1500C6DCD8 /* CustomTF.swift in Sources */,
				5337F8051F51BB3500C6DCD8 /* Swift+Gif.swift in Sources */,
				534401721F44EA8500725B10 /* DataEntryCell.swift in Sources */,
				53A4BDED1F41FBDB009063C0 /* ReportDetailVC.swift in Sources */,
				539DD51D1F4F2E110059E309 /* Gradient.swift in Sources */,
				53F3A9851F2E69F700B8C5CD /* OverViewCell.swift in Sources */,
				538E8C151F04A34B0003D939 /* OpportunityCell.swift in Sources */,
				538E8C121F03E8F40003D939 /* OpportunityVC.swift in Sources */,
				539DD52D1F4F83840059E309 /* ParentTVC.swift in Sources */,
				538E8BFA1F0313010003D939 /* ChartView.swift in Sources */,
				530A902B1F2E816200876A58 /* ContactCell.swift in Sources */,
				538E8BF71F03109B0003D939 /* ChartVC.swift in Sources */,
				533DFA961F1A6924004EC44F /* Repo.swift in Sources */,
				53F3A97E1F2E61F900B8C5CD /* OverViewTVC.swift in Sources */,
				533DFAB51F1A963F004EC44F /* RelationshipDetailViewController.swift in Sources */,
				53A4BDEF1F424FF3009063C0 /* ReportCell.swift in Sources */,
				5320DAF91F3BF620005D8E99 /* MeetingDetailTVC.swift in Sources */,
				536983031F3F9A7F00FF8309 /* DetailViewTVC.swift in Sources */,
				538E8C261F05EF7C0003D939 /* Extensions.swift in Sources */,
				53ADBBC51F4DB0B5002925FA /* TextField.swift in Sources */,
				53705B711F3A655900018B85 /* MeetingsTableViewController.swift in Sources */,
				536983011F3F7BE200FF8309 /* NotifCell.swift in Sources */,
				53F3A97C1F2CFE1600B8C5CD /* CompanyOpportunityViewController.swift in Sources */,
				53ADBBC31F4D2125002925FA /* ParentViewController.swift in Sources */,
				539DD5241F4F7BA20059E309 /* OMeetingVC.swift in Sources */,
				53ADBBC11F4D150F002925FA /* LoginVC.swift in Sources */,
				536982DD1F3DE67800FF8309 /* NotificationDetailsTVC.swift in Sources */,
				532CEA2D1F3DC3520081F9E4 /* OpportunityCell2.swift in Sources */,
				539DD5261F4F7BC00059E309 /* ONotificationVC.swift in Sources */,
				53A4BDEB1F41FB00009063C0 /* ReportTVC.swift in Sources */,
				533DFA941F1A68F2004EC44F /* RelationshipTableViewController.swift in Sources */,
				539DD52A1F4F7BFB0059E309 /* OParentVC.swift in Sources */,
				539DD52F1F4F849D0059E309 /* ParentVC.swift in Sources */,
				539DD5281F4F7BD20059E309 /* OResearchVC.swift in Sources */,
				539DD5221F4F7B890059E309 /* ODashboardVC.swift in Sources */,
				53FAA6C81F3D0667005669F1 /* RelationshipCell.swift in Sources */,
				53590B6D1F50976100A0552C /* ParentRsp.swift in Sources */,
			);
			runOnlyForDeploymentPostprocessing = 0;
		};
/* End PBXSourcesBuildPhase section */

/* Begin PBXVariantGroup section */
		5395895A1F030D2E00F8ED56 /* Main.storyboard */ = {
			isa = PBXVariantGroup;
			children = (
				5395895B1F030D2E00F8ED56 /* Base */,
			);
			name = Main.storyboard;
			sourceTree = "<group>";
		};
		5395895F1F030D2F00F8ED56 /* LaunchScreen.storyboard */ = {
			isa = PBXVariantGroup;
			children = (
				539589601F030D2F00F8ED56 /* Base */,
			);
			name = LaunchScreen.storyboard;
			sourceTree = "<group>";
		};
		53A4BDE61F41F888009063C0 /* Report.storyboard */ = {
			isa = PBXVariantGroup;
			children = (
				53A4BDE71F41F888009063C0 /* Base */,
			);
			name = Report.storyboard;
			sourceTree = "<group>";
		};
		53FAA6C31F3CB03D005669F1 /* Notification.storyboard */ = {
			isa = PBXVariantGroup;
			children = (
				53FAA6C41F3CB03D005669F1 /* Base */,
			);
			name = Notification.storyboard;
			sourceTree = "<group>";
		};
/* End PBXVariantGroup section */

/* Begin XCBuildConfiguration section */
		539589631F030D2F00F8ED56 /* Debug */ = {
			isa = XCBuildConfiguration;
			buildSettings = {
				ALWAYS_SEARCH_USER_PATHS = NO;
				CLANG_ANALYZER_NONNULL = YES;
				CLANG_CXX_LANGUAGE_STANDARD = "gnu++0x";
				CLANG_CXX_LIBRARY = "libc++";
				CLANG_ENABLE_MODULES = YES;
				CLANG_ENABLE_OBJC_ARC = YES;
				CLANG_WARN_BOOL_CONVERSION = YES;
				CLANG_WARN_CONSTANT_CONVERSION = YES;
				CLANG_WARN_DIRECT_OBJC_ISA_USAGE = YES_ERROR;
				CLANG_WARN_DOCUMENTATION_COMMENTS = YES;
				CLANG_WARN_EMPTY_BODY = YES;
				CLANG_WARN_ENUM_CONVERSION = YES;
				CLANG_WARN_INFINITE_RECURSION = YES;
				CLANG_WARN_INT_CONVERSION = YES;
				CLANG_WARN_OBJC_ROOT_CLASS = YES_ERROR;
				CLANG_WARN_SUSPICIOUS_MOVE = YES;
				CLANG_WARN_UNREACHABLE_CODE = YES;
				CLANG_WARN__DUPLICATE_METHOD_MATCH = YES;
				"CODE_SIGN_IDENTITY[sdk=iphoneos*]" = "iPhone Developer";
				COPY_PHASE_STRIP = NO;
				DEBUG_INFORMATION_FORMAT = dwarf;
				ENABLE_STRICT_OBJC_MSGSEND = YES;
				ENABLE_TESTABILITY = YES;
				GCC_C_LANGUAGE_STANDARD = gnu99;
				GCC_DYNAMIC_NO_PIC = NO;
				GCC_NO_COMMON_BLOCKS = YES;
				GCC_OPTIMIZATION_LEVEL = 0;
				GCC_PREPROCESSOR_DEFINITIONS = (
					"DEBUG=1",
					"$(inherited)",
				);
				GCC_WARN_64_TO_32_BIT_CONVERSION = YES;
				GCC_WARN_ABOUT_RETURN_TYPE = YES_ERROR;
				GCC_WARN_UNDECLARED_SELECTOR = YES;
				GCC_WARN_UNINITIALIZED_AUTOS = YES_AGGRESSIVE;
				GCC_WARN_UNUSED_FUNCTION = YES;
				GCC_WARN_UNUSED_VARIABLE = YES;
				IPHONEOS_DEPLOYMENT_TARGET = 10.2;
				MTL_ENABLE_DEBUG_INFO = YES;
				ONLY_ACTIVE_ARCH = YES;
				SDKROOT = iphoneos;
				SWIFT_ACTIVE_COMPILATION_CONDITIONS = DEBUG;
				SWIFT_OPTIMIZATION_LEVEL = "-Onone";
				TARGETED_DEVICE_FAMILY = 2;
			};
			name = Debug;
		};
		539589641F030D2F00F8ED56 /* Release */ = {
			isa = XCBuildConfiguration;
			buildSettings = {
				ALWAYS_SEARCH_USER_PATHS = NO;
				CLANG_ANALYZER_NONNULL = YES;
				CLANG_CXX_LANGUAGE_STANDARD = "gnu++0x";
				CLANG_CXX_LIBRARY = "libc++";
				CLANG_ENABLE_MODULES = YES;
				CLANG_ENABLE_OBJC_ARC = YES;
				CLANG_WARN_BOOL_CONVERSION = YES;
				CLANG_WARN_CONSTANT_CONVERSION = YES;
				CLANG_WARN_DIRECT_OBJC_ISA_USAGE = YES_ERROR;
				CLANG_WARN_DOCUMENTATION_COMMENTS = YES;
				CLANG_WARN_EMPTY_BODY = YES;
				CLANG_WARN_ENUM_CONVERSION = YES;
				CLANG_WARN_INFINITE_RECURSION = YES;
				CLANG_WARN_INT_CONVERSION = YES;
				CLANG_WARN_OBJC_ROOT_CLASS = YES_ERROR;
				CLANG_WARN_SUSPICIOUS_MOVE = YES;
				CLANG_WARN_UNREACHABLE_CODE = YES;
				CLANG_WARN__DUPLICATE_METHOD_MATCH = YES;
				"CODE_SIGN_IDENTITY[sdk=iphoneos*]" = "iPhone Developer";
				COPY_PHASE_STRIP = NO;
				DEBUG_INFORMATION_FORMAT = "dwarf-with-dsym";
				ENABLE_NS_ASSERTIONS = NO;
				ENABLE_STRICT_OBJC_MSGSEND = YES;
				GCC_C_LANGUAGE_STANDARD = gnu99;
				GCC_NO_COMMON_BLOCKS = YES;
				GCC_WARN_64_TO_32_BIT_CONVERSION = YES;
				GCC_WARN_ABOUT_RETURN_TYPE = YES_ERROR;
				GCC_WARN_UNDECLARED_SELECTOR = YES;
				GCC_WARN_UNINITIALIZED_AUTOS = YES_AGGRESSIVE;
				GCC_WARN_UNUSED_FUNCTION = YES;
				GCC_WARN_UNUSED_VARIABLE = YES;
				IPHONEOS_DEPLOYMENT_TARGET = 10.2;
				MTL_ENABLE_DEBUG_INFO = NO;
				SDKROOT = iphoneos;
				SWIFT_OPTIMIZATION_LEVEL = "-Owholemodule";
				TARGETED_DEVICE_FAMILY = 2;
				VALIDATE_PRODUCT = YES;
			};
			name = Release;
		};
		539589661F030D2F00F8ED56 /* Debug */ = {
			isa = XCBuildConfiguration;
			baseConfigurationReference = 2D8D518C034D34B1DC0B16A8 /* Pods-RM53.debug.xcconfig */;
			buildSettings = {
				ASSETCATALOG_COMPILER_APPICON_NAME = AppIcon;
				DEVELOPMENT_TEAM = X6Z65P5ASN;
				INFOPLIST_FILE = RM53/Info.plist;
				IPHONEOS_DEPLOYMENT_TARGET = 10.0;
				LD_RUNPATH_SEARCH_PATHS = "$(inherited) @executable_path/Frameworks";
				PRODUCT_BUNDLE_IDENTIFIER = FT.RM53.V4;
				PRODUCT_NAME = "$(TARGET_NAME)";
				SWIFT_VERSION = 3.0;
			};
			name = Debug;
		};
		539589671F030D2F00F8ED56 /* Release */ = {
			isa = XCBuildConfiguration;
			baseConfigurationReference = 87724EF87B947CFF4A2ABD94 /* Pods-RM53.release.xcconfig */;
			buildSettings = {
				ASSETCATALOG_COMPILER_APPICON_NAME = AppIcon;
				DEVELOPMENT_TEAM = X6Z65P5ASN;
				INFOPLIST_FILE = RM53/Info.plist;
				IPHONEOS_DEPLOYMENT_TARGET = 10.0;
				LD_RUNPATH_SEARCH_PATHS = "$(inherited) @executable_path/Frameworks";
				PRODUCT_BUNDLE_IDENTIFIER = FT.RM53.V4;
				PRODUCT_NAME = "$(TARGET_NAME)";
				SWIFT_VERSION = 3.0;
			};
			name = Release;
		};
/* End XCBuildConfiguration section */

/* Begin XCConfigurationList section */
		5395894C1F030D2D00F8ED56 /* Build configuration list for PBXProject "RM53" */ = {
			isa = XCConfigurationList;
			buildConfigurations = (
				539589631F030D2F00F8ED56 /* Debug */,
				539589641F030D2F00F8ED56 /* Release */,
			);
			defaultConfigurationIsVisible = 0;
			defaultConfigurationName = Release;
		};
		539589651F030D2F00F8ED56 /* Build configuration list for PBXNativeTarget "RM53" */ = {
			isa = XCConfigurationList;
			buildConfigurations = (
				539589661F030D2F00F8ED56 /* Debug */,
				539589671F030D2F00F8ED56 /* Release */,
			);
			defaultConfigurationIsVisible = 0;
			defaultConfigurationName = Release;
		};
/* End XCConfigurationList section */
	};
	rootObject = 539589491F030D2D00F8ED56 /* Project object */;
}
